
Microsoft Visual Studio Solution File, Format Version 12.00
Project("{FAE04EC0-301F-11D3-BF4B-00C04F79EFBC}") = "Agent", "Agent\Agent.csproj", "{CDA40A26-EC5A-4892-A4B3-78D3A555FAB9}"
EndProject
Global
	GlobalSection(SolutionConfigurationPlatforms) = preSolution
		Debug|Any CPU = Debug|Any CPU
		Release|Any CPU = Release|Any CPU
	EndGlobalSection
	GlobalSection(ProjectConfigurationPlatforms) = postSolution
		{CDA40A26-EC5A-4892-A4B3-78D3A555FAB9}.Debug|Any CPU.ActiveCfg = Debug|Any CPU
		{CDA40A26-EC5A-4892-A4B3-78D3A555FAB9}.Debug|Any CPU.Build.0 = Debug|Any CPU
		{CDA40A26-EC5A-4892-A4B3-78D3A555FAB9}.Release|Any CPU.ActiveCfg = Release|Any CPU
		{CDA40A26-EC5A-4892-A4B3-78D3A555FAB9}.Release|Any CPU.Build.0 = Release|Any CPU
	EndGlobalSection
EndGlobal
